
Microsoft Visual Studio Solution File, Format Version 12.00
# Visual Studio 15
VisualStudioVersion = 15.0.27130.2027
MinimumVisualStudioVersion = 10.0.40219.1
Project("{FAE04EC0-301F-11D3-BF4B-00C04F79EFBC}") = "CrowiNet", "CrowiNet\CrowiNet.csproj", "{DBA37B66-3165-42D4-B320-EF0C008269C5}"
EndProject
Project("{FAE04EC0-301F-11D3-BF4B-00C04F79EFBC}") = "CrowiNetTests", "CrowiNetTests\CrowiNetTests.csproj", "{AA668765-7B0D-4E71-873C-5AC5804E9C30}"
EndProject
Global
	GlobalSection(SolutionConfigurationPlatforms) = preSolution
		Debug|Any CPU = Debug|Any CPU
		Release|Any CPU = Release|Any CPU
	EndGlobalSection
	GlobalSection(ProjectConfigurationPlatforms) = postSolution
		{DBA37B66-3165-42D4-B320-EF0C008269C5}.Debug|Any CPU.ActiveCfg = Debug|Any CPU
		{DBA37B66-3165-42D4-B320-EF0C008269C5}.Debug|Any CPU.Build.0 = Debug|Any CPU
		{DBA37B66-3165-42D4-B320-EF0C008269C5}.Release|Any CPU.ActiveCfg = Release|Any CPU
		{DBA37B66-3165-42D4-B320-EF0C008269C5}.Release|Any CPU.Build.0 = Release|Any CPU
		{AA668765-7B0D-4E71-873C-5AC5804E9C30}.Debug|Any CPU.ActiveCfg = Debug|Any CPU
		{AA668765-7B0D-4E71-873C-5AC5804E9C30}.Debug|Any CPU.Build.0 = Debug|Any CPU
		{AA668765-7B0D-4E71-873C-5AC5804E9C30}.Release|Any CPU.ActiveCfg = Release|Any CPU
		{AA668765-7B0D-4E71-873C-5AC5804E9C30}.Release|Any CPU.Build.0 = Release|Any CPU
	EndGlobalSection
	GlobalSection(SolutionProperties) = preSolution
		HideSolutionNode = FALSE
	EndGlobalSection
	GlobalSection(ExtensibilityGlobals) = postSolution
		SolutionGuid = {F3BB97EA-08DA-4BB3-AEE9-3660D77E0B49}
	EndGlobalSection
EndGlobal
